
Microsoft Visual Studio Solution File, Format Version 12.00
# Visual Studio 15
VisualStudioVersion = 15.0.28307.271
MinimumVisualStudioVersion = 10.0.40219.1
Project("{9A19103F-16F7-4668-BE54-9A1E7A4F7556}") = "FMS_API", "FMS_API\FMS_API.csproj", "{5F2F322C-8940-41CA-A5C8-132146071AAF}"
EndProject
Project("{9A19103F-16F7-4668-BE54-9A1E7A4F7556}") = "FMS_API_TEST", "FMS_API_TEST\FMS_API_TEST.csproj", "{E8117E09-3367-49E1-A8E9-12C665339BDC}"
EndProject
Project("{9A19103F-16F7-4668-BE54-9A1E7A4F7556}") = "FMS_API_DAL", "FMS_API_DAL\FMS_API_DAL.csproj", "{725DDCCA-F3EC-441B-9F53-CCBD28B4C21E}"
EndProject
Project("{9A19103F-16F7-4668-BE54-9A1E7A4F7556}") = "FMS_API_BAL", "FMS_API_BAL\FMS_API_BAL.csproj", "{2BC6D7C4-6F53-46F8-9187-EEA9DB98C954}"
EndProject
Project("{9A19103F-16F7-4668-BE54-9A1E7A4F7556}") = "Utility", "Utility\Utility.csproj", "{85ED9997-ADCA-4F49-93F4-E215D331F0BF}"
EndProject
Project("{FAE04EC0-301F-11D3-BF4B-00C04F79EFBC}") = "UtilityService", "UtilityService\UtilityService.csproj", "{A49FA7D3-0D3F-4D7E-9140-5B2EF6FF09D8}"
EndProject
Global
	GlobalSection(SolutionConfigurationPlatforms) = preSolution
		Debug|Any CPU = Debug|Any CPU
		Release|Any CPU = Release|Any CPU
	EndGlobalSection
	GlobalSection(ProjectConfigurationPlatforms) = postSolution
		{5F2F322C-8940-41CA-A5C8-132146071AAF}.Debug|Any CPU.ActiveCfg = Debug|Any CPU
		{5F2F322C-8940-41CA-A5C8-132146071AAF}.Debug|Any CPU.Build.0 = Debug|Any CPU
		{5F2F322C-8940-41CA-A5C8-132146071AAF}.Release|Any CPU.ActiveCfg = Release|Any CPU
		{5F2F322C-8940-41CA-A5C8-132146071AAF}.Release|Any CPU.Build.0 = Release|Any CPU
		{E8117E09-3367-49E1-A8E9-12C665339BDC}.Debug|Any CPU.ActiveCfg = Debug|Any CPU
		{E8117E09-3367-49E1-A8E9-12C665339BDC}.Debug|Any CPU.Build.0 = Debug|Any CPU
		{E8117E09-3367-49E1-A8E9-12C665339BDC}.Release|Any CPU.ActiveCfg = Release|Any CPU
		{E8117E09-3367-49E1-A8E9-12C665339BDC}.Release|Any CPU.Build.0 = Release|Any CPU
		{725DDCCA-F3EC-441B-9F53-CCBD28B4C21E}.Debug|Any CPU.ActiveCfg = Debug|Any CPU
		{725DDCCA-F3EC-441B-9F53-CCBD28B4C21E}.Debug|Any CPU.Build.0 = Debug|Any CPU
		{725DDCCA-F3EC-441B-9F53-CCBD28B4C21E}.Release|Any CPU.ActiveCfg = Release|Any CPU
		{725DDCCA-F3EC-441B-9F53-CCBD28B4C21E}.Release|Any CPU.Build.0 = Release|Any CPU
		{2BC6D7C4-6F53-46F8-9187-EEA9DB98C954}.Debug|Any CPU.ActiveCfg = Debug|Any CPU
		{2BC6D7C4-6F53-46F8-9187-EEA9DB98C954}.Debug|Any CPU.Build.0 = Debug|Any CPU
		{2BC6D7C4-6F53-46F8-9187-EEA9DB98C954}.Release|Any CPU.ActiveCfg = Release|Any CPU
		{2BC6D7C4-6F53-46F8-9187-EEA9DB98C954}.Release|Any CPU.Build.0 = Release|Any CPU
		{85ED9997-ADCA-4F49-93F4-E215D331F0BF}.Debug|Any CPU.ActiveCfg = Debug|Any CPU
		{85ED9997-ADCA-4F49-93F4-E215D331F0BF}.Debug|Any CPU.Build.0 = Debug|Any CPU
		{85ED9997-ADCA-4F49-93F4-E215D331F0BF}.Release|Any CPU.ActiveCfg = Release|Any CPU
		{85ED9997-ADCA-4F49-93F4-E215D331F0BF}.Release|Any CPU.Build.0 = Release|Any CPU
		{A49FA7D3-0D3F-4D7E-9140-5B2EF6FF09D8}.Debug|Any CPU.ActiveCfg = Debug|Any CPU
		{A49FA7D3-0D3F-4D7E-9140-5B2EF6FF09D8}.Debug|Any CPU.Build.0 = Debug|Any CPU
		{A49FA7D3-0D3F-4D7E-9140-5B2EF6FF09D8}.Release|Any CPU.ActiveCfg = Release|Any CPU
		{A49FA7D3-0D3F-4D7E-9140-5B2EF6FF09D8}.Release|Any CPU.Build.0 = Release|Any CPU
	EndGlobalSection
	GlobalSection(SolutionProperties) = preSolution
		HideSolutionNode = FALSE
	EndGlobalSection
	GlobalSection(ExtensibilityGlobals) = postSolution
		SolutionGuid = {1BA42441-6CDC-4A55-9BF7-CE56714EBE95}
	EndGlobalSection
EndGlobal
